# This file was autogenerated by Stack.
# You should not edit this file by hand.
# For more information, please see the documentation at:
#   https://docs.haskellstack.org/en/stable/lock_files

packages: []
snapshots:
- completed:
    sha256: 2cbbf12b252ddfed57ca48fd2e086e534fa91d48e61716e479251729ab7351bf
    size: 632543
    url: https://raw.githubusercontent.com/commercialhaskell/stackage-snapshots/master/nightly/2023/6/11.yaml
  original: nightly-2023-06-11
