# This file was autogenerated by Stack.
# You should not edit this file by hand.
# For more information, please see the documentation at:
#   https://docs.haskellstack.org/en/stable/lock_files

packages:
- completed:
    hackage: aeson-2.0.2.0@sha256:bb41f39762d6f755431097ce0fa88d817108036e7f1c1ec06fd5990230860c76,6343
    pantry-tree:
      size: 37910
      sha256: 5303edc2f9516c7999c21fbfb218ad180dd91c2ceea570f8bc54818ea9ec1692
  original:
    hackage: aeson-2.0.2.0
- completed:
    hackage: assoc-1.0.2@sha256:e0d9d1febc172e2a1b22aacd25df7f90be557dcf12ff87359f43128f8c194d9e,1237
    pantry-tree:
      size: 290
      sha256: 760f0aa60d4beb6a893ae9f73f64f5e93dc4414487bc0c8dfa33dadffd338de9
  original:
    hackage: assoc-1.0.2
- completed:
    hackage: attoparsec-0.14.3@sha256:b65d94fa4ac2854e396d29532915c5fd6c48d000fea8b84f3c0d9c8430e36dc4,6183
    pantry-tree:
      size: 5305
      sha256: 0a15e87509cc67315b0531cac10baaaad5eef464c0bb5175d8ecbdcd7365e056
  original:
    hackage: attoparsec-0.14.3
- completed:
    hackage: base-compat-0.12.1@sha256:20e50848d9dfee1523fafe8950060b04fae43d402c15553da5c7cacd116f7846,6960
    pantry-tree:
      size: 9038
      sha256: 2f2c14615443954f117613d77835234b598718e611fb4cf4522e01980bf1bcbd
  original:
    hackage: base-compat-0.12.1
- completed:
    hackage: base-compat-batteries-0.12.1@sha256:ee819d7570b2fda1012d29db945a1778c388ef8c0c282e45c8fe4eae7616a25c,8891
    pantry-tree:
      size: 11169
      sha256: 64edb51a988b4a362f0ba4172ad4e3d140ee69129dd68a4d08004fe506cc09ae
  original:
    hackage: base-compat-batteries-0.12.1
- completed:
    hackage: base-orphans-0.8.6@sha256:eb6758d0160d607e0c45dbd6b196f515b9a589fd4f6d2f926929dd5d56282d37,3175
    pantry-tree:
      size: 1272
      sha256: f889d6903383305688e6e703982bfdc985649b7d4538429e44f98f99d8f73c07
  original:
    hackage: base-orphans-0.8.6
- completed:
    hackage: bifunctors-5.5.11@sha256:cc425ee85aae56dba1123baf6fb3fa7abcd90782f26bb904eef14c7332ee85f6,3919
    pantry-tree:
      size: 1758
      sha256: d3f0fdcd108e771b5cb68ee068c9a8637494e0c513f0845124798cc9dcdd11f0
  original:
    hackage: bifunctors-5.5.11
- completed:
    hackage: binary-parser-0.5.7.1@sha256:04f7495f678a6640e4430046580d7afbbe31c05ad469175a88004000e3b34428,2607
    pantry-tree:
      size: 347
      sha256: c49ef871eb09b5d48203de7896f52f70d4a1e2b5ea8b7f330b9d55971adf4ceb
  original:
    hackage: binary-parser-0.5.7.1
- completed:
    hackage: bytestring-strict-builder-0.4.5.5@sha256:bd4707815de828484c099e179719ed09c83c895aeb812d4216bcf1a7ece9ca68,4010
    pantry-tree:
      size: 713
      sha256: 09643f16eae899299d74cb42b73648ba787348e5ac7cf75b82a54d25fe6d82f5
  original:
    hackage: bytestring-strict-builder-0.4.5.5
- completed:
    hackage: case-insensitive-1.2.1.0@sha256:9dfd3171fc7698cf8d931727d3af3a7b389135b583e46b5adac1f9d2026fff61,2244
    pantry-tree:
      size: 688
      sha256: d6f175b17eacce002fc5336c17e119d989bd97f8ad9702446163c9e27c7c79b7
  original:
    hackage: case-insensitive-1.2.1.0
- completed:
    hackage: cereal-0.5.8.2@sha256:046ab07bfe82770e209a2ef57382171c88f7a194d020b768b7d8131299c7f023,2767
    pantry-tree:
      size: 641
      sha256: cc17ff449ff10e7b9c66f9c7ffc6cf9866acdd537f847a49c5a2ac10d49f502b
  original:
    hackage: cereal-0.5.8.2
- completed:
    hackage: charset-0.3.9@sha256:6f785e4444f07accd1a45a30a412cb1dce36f5b31a243345cbb9c3cf51ff4a94,1659
    pantry-tree:
      size: 893
      sha256: 30ff308927e557c525f7ae4be75a17ed079b16c2297feb2597efbf20f2e041a8
  original:
    hackage: charset-0.3.9
- completed:
    hackage: comonad-5.0.8@sha256:1f1aabd73ec7f80f20cf078a748a60cd48d8e57277802fdf6a9ab3601a9b8f7e,3631
    pantry-tree:
      size: 1618
      sha256: 394660fe7fa4127e5a181890bce28b9fcd6eb180ba25aa5566bc8b5bdd385517
  original:
    hackage: comonad-5.0.8
- completed:
    hackage: contravariant-1.5.5@sha256:470ed0e040e879e2da4af1b2c8f94e199f6135852a8107858d5ae0a95365835f,3041
    pantry-tree:
      size: 652
      sha256: 9eb62fea28548dc8a0f60fd47c12843092b78b24ed771b8ad63a0bb34dba8bc4
  original:
    hackage: contravariant-1.5.5
- completed:
    hackage: cryptohash-md5-0.11.101.0@sha256:160d301e00758606c9b98a3d226944e3e7552f8e28942623099d4b3a71971ba3,3235
    pantry-tree:
      size: 571
      sha256: eb24e0f9de291e7d810117f91940d42222bba45dad8171e58bcf36d63304ab07
  original:
    hackage: cryptohash-md5-0.11.101.0
- completed:
    hackage: cryptohash-sha1-0.11.101.0@sha256:ac71ed9565b732eb685e618801482c5c807f7456b7273fa0afcfe3d2285aa0d3,3216
    pantry-tree:
      size: 577
      sha256: 0692e34715e48ee1036c6816f32000a4ceed99601245888d9f1381ea7aa90fdb
  original:
    hackage: cryptohash-sha1-0.11.101.0
- completed:
    hackage: data-bword-0.1.0.1@sha256:073434c1367f70934bd8e978ee47e026d4d9dd31511304cce2c95144f0180242,1197
    pantry-tree:
      size: 321
      sha256: 7309ae7f8b3e9f3b361b4f804758fb7d850000ce3d6e372d0c6683de7fea29a1
  original:
    hackage: data-bword-0.1.0.1
- completed:
    hackage: data-checked-0.3@sha256:beb83f47ffc398faa684e822aa327d07c36db366f675222cc71ce6a3b83b07d7,927
    pantry-tree:
      size: 282
      sha256: d1e2dc2a7e3e2a6a844b73ca3819b0a8b78f57225d1b25efcdaf5270a231139d
  original:
    hackage: data-checked-0.3
- completed:
    hackage: data-default-class-0.1.2.0@sha256:63e62120b7efd733a5a17cf59ceb43268e9a929c748127172d7d42f4a336e327,542
    pantry-tree:
      size: 224
      sha256: 5017630b11698aefa65fc61cab84a257ce97833c968d425e1b2d53d6c3b5c096
  original:
    hackage: data-default-class-0.1.2.0
- completed:
    hackage: data-dword-0.3.2.1@sha256:37b299fcaed380fd2a6e92a97d1c9ab4afba92a807ad0b90a8e8a5aab0ae41d8,1632
    pantry-tree:
      size: 509
      sha256: a775cdf8de8839c17db6684e08fc936adbff845e70ebc21ddbf8b714c72438ef
  original:
    hackage: data-dword-0.3.2.1
- completed:
    hackage: data-endian-0.1.1@sha256:70139877a29ec21ea6226919c4f6353fe097bf03a4fa0b97c8c157e4c1692bc6,768
    pantry-tree:
      size: 213
      sha256: a0139fbac6dbe19cfa632d5d2c30f68b7e507cc5ba10e8e46846f44908d8cf7b
  original:
    hackage: data-endian-0.1.1
- completed:
    hackage: data-fix-0.3.2@sha256:e909776381648a75e82438a40df33c05397b57119b80bb83e38189370319b67a,1692
    pantry-tree:
      size: 262
      sha256: 327440e3a8d6c69617f67d49e3904c8d4b69558ea9f92f7856658b930ee64717
  original:
    hackage: data-fix-0.3.2
- completed:
    hackage: data-serializer-0.3.5@sha256:50eed159b9f5bf7228625094a5d2db7854814db04429a5d0e387c3802fd64631,1737
    pantry-tree:
      size: 392
      sha256: c9c1e77d117d0fc844ff07117b8fdd6d0369302431743a2a68b6f4cc9527b6ec
  original:
    hackage: data-serializer-0.3.5
- completed:
    hackage: data-textual-0.3.0.3@sha256:af032a3a5b9c356cff6211bad40cb1eacbf85bd5ad5ff0ad5c341fda26c571c0,1582
    pantry-tree:
      size: 463
      sha256: 90e57b9625bef8fc48674e69931d0b21fcbd6cf964bd851d6c654116eb766d37
  original:
    hackage: data-textual-0.3.0.3
- completed:
    hackage: deferred-folds-0.9.18@sha256:71126cb8688496c1981cbaf7a3f93ee5a19ac1aff465e70e60656190e5462d95,2986
    pantry-tree:
      size: 1038
      sha256: 5e5fb939489ef9eca234a7fdae2d7e88a4882fcf57588b34b7080eeb749cf13e
  original:
    hackage: deferred-folds-0.9.18
- completed:
    hackage: distributive-0.6.2.1@sha256:0f99f5541cca04acf89b64432b03422b6408e830a8dff30e6c4334ef1a48680c,2996
    pantry-tree:
      size: 735
      sha256: a42bed5fe0ba295643538312dee6c9436314c05a6f7efdd32b4303979f8bd744
  original:
    hackage: distributive-0.6.2.1
- completed:
    hackage: dlist-1.0@sha256:124cb3aa1decebd5171b46601b1f74cca6cfae12d266ace3799b86dd05ef7cb4,3560
    pantry-tree:
      size: 953
      sha256: 8467afe9c94b2756e5703fed0950b51418bd877acbdd72e9dc3488b8f28f4e82
  original:
    hackage: dlist-1.0
- completed:
    hackage: entropy-0.4.1.7@sha256:56ebebf726696e204e5126d748defdfc8453ff9d0a817b21a704d92e7bad5f18,3008
    pantry-tree:
      size: 743
      sha256: 64d5d16b4326740f711805606fa30c27fbe4705ef7a3e5069c49750b4cf91981
  original:
    hackage: entropy-0.4.1.7
- completed:
    hackage: foldl-1.4.12@sha256:860dacd697f715023e21a94d5f46f5639f386530ce141f91348565ec6533f43d,2668
    pantry-tree:
      size: 959
      sha256: 06c323172e93cd9b1f67eb8989cdb6e6d7b8d153a1749e8fad28ac25340d25ba
  original:
    hackage: foldl-1.4.12
- completed:
    hackage: hashable-1.4.0.1@sha256:c35c9c1adc33bcfa31359e33e4c3db98305406eaa460f0e04d628f2a1de19be5,4804
    pantry-tree:
      size: 1248
      sha256: a1e0d12da785b0c52b8cd755c4aceb75a955ed6d9f3e7c9401aa08c9b2c8032c
  original:
    hackage: hashable-1.4.0.1
- completed:
    hackage: hashtables-1.3@sha256:ab21804fdafbbd8ad918b2911dabb729ae0ea891780fe66bf7804cbcd07edadf,10379
    pantry-tree:
      size: 2895
      sha256: e71f113ad989dbc994e0fb52bcc219d62930de9afa8b3441bf7909e864481b33
  original:
    hackage: hashtables-1.3
- completed:
    hackage: hasql-1.5.0.1@sha256:c72bac11498b2aa71e3156d4b21b0064543b64e1c7f785ade74fe384fcaa2b78,6581
    pantry-tree:
      size: 2567
      sha256: dd782cc1c13405625e5b0f2aa0f4b14c673f5d7fffce01dffdade303b7c1bca6
  original:
    hackage: hasql-1.5.0.1
- completed:
    hackage: headed-megaparsec-0.2.0.2@sha256:2695b09f0a6208c24f0112fac1b97b392b410ca59db38c6b8a25e175ebf8d661,1571
    pantry-tree:
      size: 383
      sha256: 630ccfe8e3224de8b952aeb4758609aebcd89a2d654d3c0574b7ad40577abe0b
  original:
    hackage: headed-megaparsec-0.2.0.2
- completed:
    hackage: indexed-traversable-0.1.2@sha256:d66228887242f93ccb4fc7101a1e25a6560c8e4708f6e9ee1d3dd21901756c65,2519
    pantry-tree:
      size: 495
      sha256: 7edfd8672d45016089df7227d9f6452117632a7236d4e71b24a2a1041cab4701
  original:
    hackage: indexed-traversable-0.1.2
- completed:
    hackage: indexed-traversable-instances-0.1.1@sha256:69ce2476ac8376bc269ca05a7a5973f033d4a7736793dc22a3ec3032da70ceb7,3224
    pantry-tree:
      size: 480
      sha256: 707d8d3c66d153d4671a7c12cacf9928e3d2df93b9d411b6c7462c4073c3c619
  original:
    hackage: indexed-traversable-instances-0.1.1
- completed:
    hackage: integer-logarithms-1.0.3.1@sha256:b65e11ec6f4b29c5278716da0544b951a49ab5310608df0fc41eec29f15691d9,3229
    pantry-tree:
      size: 865
      sha256: 804c8c0d77470f84640ee70c66155f770798e295c0a0572e41d071f69e24ca4e
  original:
    hackage: integer-logarithms-1.0.3.1
- completed:
    hackage: megaparsec-9.2.0@sha256:0c272aa13b9f663dbd7b74ef81e9b1f9f05cafde50f5362ce87ffd4913046e0b,3213
    pantry-tree:
      size: 1518
      sha256: 7ca5da73a72d6242375e6bf16f6868e16f5f7f02dd27a0ff12cf7a9422cf2c71
  original:
    hackage: megaparsec-9.2.0
- completed:
    hackage: network-info-0.2.0.10@sha256:cda87030e0e7adc56696006035fc322d5a6b8b0b41dd6d339ea630484de1711e,1717
    pantry-tree:
      size: 847
      sha256: 7e95006c5acef2b50afc2b70ab7fe02832eae49083913dfb6fdf0674f09d41d6
  original:
    hackage: network-info-0.2.0.10
- completed:
    hackage: network-ip-0.3.0.3@sha256:c4ad7c7e4c1bc10fb7ad117343e55496c69568986229be060e2eef8a65d6e9c7,1569
    pantry-tree:
      size: 322
      sha256: 809b4745fad63675ede5fa4278c63d9cb4161b801a20ba76d9a9e7ec88a5681a
  original:
    hackage: network-ip-0.3.0.3
- completed:
    hackage: OneTuple-0.3.1@sha256:a848c096c9d29e82ffdd30a9998aa2931cbccb3a1bc137539d80f6174d31603e,2262
    pantry-tree:
      size: 506
      sha256: a685b08622f1fe0641e4f228a290878a1db4f7ef3eb63d00b10e8632097d1e6f
  original:
    hackage: OneTuple-0.3.1
- completed:
    hackage: parser-combinators-1.3.0@sha256:edd54ba56cbae8fadbcceebcfef31b2c70a835e92e5eda41151b939c40647281,1570
    pantry-tree:
      size: 795
      sha256: 0754c8d3f213156877f8085da2ad74433167a6c30272b8b64119a2628bd7ade0
  original:
    hackage: parser-combinators-1.3.0
- completed:
    hackage: parsers-0.12.10@sha256:6367145ea9cdb8382f407548a25d20d4435f437baef76f27e56cd5f1a3c1ec96,3428
    pantry-tree:
      size: 982
      sha256: 90e8dc8d68cf4d8cc9e3bb3dceceef206228480ef4baad1aa7870f784ac31286
  original:
    hackage: parsers-0.12.10
- completed:
    hackage: postgresql-binary-0.12.4.2@sha256:c0435803744923d022b01a0a518a680cc2bbb0272893adf6a86b84f0a0ef6455,5690
    pantry-tree:
      size: 1665
      sha256: db2520640f426cdec35a1d4f5072cf6cf50a971cc2c5c5972104605f4307b831
  original:
    hackage: postgresql-binary-0.12.4.2
- completed:
    hackage: postgresql-libpq-0.9.4.3@sha256:d64bee309b4f7fe5eb3b78c238c5144720cad903e31432fc868b58b98ba49fd8,2817
    pantry-tree:
      size: 629
      sha256: 7bd567268aa7219e2ae3e66f9ec716c9433f0c593f8e0614ff97539befe61ed4
  original:
    hackage: postgresql-libpq-0.9.4.3
- completed:
    hackage: postgresql-syntax-0.4@sha256:df8b65a33f4088eddad25cedbec814e5f34f8e8ae55065139b73bd6da0d66f21,4176
    pantry-tree:
      size: 1227
      sha256: 1942e3259b02a2546bf1fc6fe7f956cbcce724f29c3feea8698ab90a465e499a
  original:
    hackage: postgresql-syntax-0.4
- completed:
    hackage: primitive-0.7.3.0@sha256:6b28a1c0572f5ca50597ba8388aeade21515842969ae192cdc6bfca81367bf56,2951
    pantry-tree:
      size: 1655
      sha256: 4dd118201091c04a138a25e262ab61e8e64e811832eadd8b6b39d56504dfe045
  original:
    hackage: primitive-0.7.3.0
- completed:
    hackage: profunctors-5.6.2@sha256:3d3685119243a7ebf984fa6af03299d156ab7674a432e2e15ecee2a4fd420fb6,2483
    pantry-tree:
      size: 1588
      sha256: 2a839845b75d600ab5a51c582a740de87805f794caa5836b6a16250d9b535789
  original:
    hackage: profunctors-5.6.2
- completed:
    hackage: random-1.2.1@sha256:8bee24dc0c985a90ee78d94c61f8aed21c49633686f0f1c14c5078d818ee43a2,6598
    pantry-tree:
      size: 1528
      sha256: 8bdc994ce41f43624ab42302a881fe5a0f81d965f5d238841e24943664681a06
  original:
    hackage: random-1.2.1
- completed:
    hackage: scientific-0.3.7.0@sha256:d7edb4dfb320e7b9cc9d503ca435d22983a236db06c7b4f3e81c099a9fd4cd73,4809
    pantry-tree:
      size: 657
      sha256: 7b09735385193ba6ba4cdbc9ccd2aa60989a5c913df439da23e0a87ca60576ee
  original:
    hackage: scientific-0.3.7.0
- completed:
    hackage: selective-0.5@sha256:dff7715af7cc652f2e695e17674e2b1016ea4f675357291dc78a1f7a3ee5a17f,3470
    pantry-tree:
      size: 1213
      sha256: 413852e35a2f32d09992ded1e0c1edfd3b4e252986e87c6a30c3364eb04ea2c7
  original:
    hackage: selective-0.5
- completed:
    hackage: semialign-1.2.0.1@sha256:0e179b4d3a8eff79001d374d6c91917c6221696b9620f0a4d86852fc6a9b9501,2836
    pantry-tree:
      size: 537
      sha256: 635bbbb517f0c063a4bc2e9e6efdb0e598b9d9fd467f52df81ab3a4af1fd923b
  original:
    hackage: semialign-1.2.0.1
- completed:
    hackage: semigroupoids-5.3.6@sha256:56119f42bc080256100bd6dab6292c144eef430b3430f2ce1581e8e06668d33e,7752
    pantry-tree:
      size: 2404
      sha256: bbdbff3cc65e5cf23a28e2256d282bffdba87b674d38681833e5624cc18ca88b
  original:
    hackage: semigroupoids-5.3.6
- completed:
    hackage: semigroups-0.20@sha256:925341e6f7eb104cb490bef06eab93bb7995c7c67c51ee938185a2ddefa7aaf2,6333
    pantry-tree:
      size: 481
      sha256: d4d3f0b32a68cf8808fcb8d2de117ab9ec09dbfec93a297aa3d386ca79a0fe05
  original:
    hackage: semigroups-0.20
- completed:
    hackage: split-0.2.3.4@sha256:a6df9c3e806ee7cb50bc980a183fc1156f35022a39430dabac0bf9456fe18a4b,2647
    pantry-tree:
      size: 439
      sha256: 4e7559f1be32a70cdbdb96d14db768561dd36b8fdff36b3ffac94751f5b5ae6d
  original:
    hackage: split-0.2.3.4
- completed:
    hackage: splitmix-0.1.0.4@sha256:714a55fd28d3e2533bd5b49e74f604ef8e5d7b06f249c8816f6c54aed431dcf1,6483
    pantry-tree:
      size: 1519
      sha256: 79f4645c11b7a3861db0b596297f72804f509444d639a8fd7c0162b1ed80c578
  original:
    hackage: splitmix-0.1.0.4
- completed:
    hackage: StateVar-1.2.2@sha256:3c022c00485fe165e3080d5da6b3ca9c9b02f62c5deebc584d1b3d1309ce673e,1673
    pantry-tree:
      size: 314
      sha256: 204cac98219e99334f47b12c565945611748ea03a4d629273dd697d738bcfd7f
  original:
    hackage: StateVar-1.2.2
- completed:
    hackage: strict-0.4.0.1@sha256:ca6fba3bd2ddc0b70f31286192aa36359a99f1c0cd50e821ffc37bee772fd68f,4170
    pantry-tree:
      size: 654
      sha256: ec6ce31880d5684c9362928dbbdfed5d0bc205edcb966fad6cde4872df237adf
  original:
    hackage: strict-0.4.0.1
- completed:
    hackage: tagged-0.8.6.1@sha256:29c67d98a4404607f024750ab9c7210dadcbbef4e1944c48c52902f2071b2662,2874
    pantry-tree:
      size: 496
      sha256: 4548d4f2d43e25a182ac6f5da34364c4a41a1da88468c671445a0bf2a70c130c
  original:
    hackage: tagged-0.8.6.1
- completed:
    hackage: template-haskell-compat-v0208-0.1.7@sha256:0df8e93c9024f890cb1262c879a2ba270f52d5737df7ba2f044c65fc7125aaab,1522
    pantry-tree:
      size: 341
      sha256: aa2c7d2a3e93ddfdc2d2cfa539f9ace7e43d0c0e91da5b3699995348584f90a7
  original:
    hackage: template-haskell-compat-v0208-0.1.7
- completed:
    hackage: text-builder-0.6.6.3@sha256:7072ab657e1f6f095cf5d2c47b1ddf04d3d2fb705c6255388d872369fd2024af,4177
    pantry-tree:
      size: 542
      sha256: 32ce14ce7b14efb3190e5312301173a8d0f2b2ace91811a26c689eb3d1569fbc
  original:
    hackage: text-builder-0.6.6.3
- completed:
    hackage: text-latin1-0.3.1@sha256:f7da16a5447d51d5de0992a5ecb11ecf3e03d2da9a4f3f66da4e8b3f59a3f3e7,1215
    pantry-tree:
      size: 321
      sha256: 42e481642d9cf3f47a604a7d02a95daa7dfd6e9b050deaf62b98a0dd9179c646
  original:
    hackage: text-latin1-0.3.1
- completed:
    hackage: text-printer-0.5.0.2@sha256:df9dc6f8f4b888926bef23270d0b544c14d164879103376f0631545ab8e734b6,1574
    pantry-tree:
      size: 461
      sha256: 1143549449cf9b904fe2dad02f0212eb298dc6885d5075790bc13bf0281af8f0
  original:
    hackage: text-printer-0.5.0.2
- completed:
    hackage: text-short-0.1.4@sha256:2c4789148650fdd624b7f7cabfd28b12e4130f1905eb6e3650d4d56d7db42f23,3575
    pantry-tree:
      size: 727
      sha256: 6165735a26a99b116b0a51c86ab8a36db85acaef9892d2ce9e16d986bd7dc5ba
  original:
    hackage: text-short-0.1.4
- completed:
    hackage: th-abstraction-0.4.3.0@sha256:db4b3b69398acd8a7c5c8cc8a962da55d65d05d44d5039b51bd3cb5fb3d8400f,2148
    pantry-tree:
      size: 670
      sha256: cd2d3fd020b3c6b415e41c71b60999ca7dd14918b056e15e090f640cba1feed8
  original:
    hackage: th-abstraction-0.4.3.0
- completed:
    hackage: these-1.1.1.1@sha256:f069e766b8fed73d457fca20cc197f5c539bcdd03d7636e478ddf14dbb67684a,2748
    pantry-tree:
      size: 351
      sha256: 09a71077d04df022d79d341f69eb5dad8e8e103839b51f21a28920bba1e1ad9f
  original:
    hackage: these-1.1.1.1
- completed:
    hackage: time-compat-1.9.6.1@sha256:42d8f2e08e965e1718917d54ad69e1d06bd4b87d66c41dc7410f59313dba4ed1,5033
    pantry-tree:
      size: 4113
      sha256: b262c5ae8d72d2073d12e1de1863abd234fad8c138df28f32bb51bc232ced608
  original:
    hackage: time-compat-1.9.6.1
- completed:
    hackage: transformers-compat-0.7.1@sha256:03534fcfd4a6026d415b0e19d2a48d6ccb639e809db0cd41f313bc771a887a9b,5602
    pantry-tree:
      size: 1724
      sha256: 62a237717ebb6337a8ca3b446a1fa3075fd0e5136384e00760f702064eda9c0f
  original:
    hackage: transformers-compat-0.7.1
- completed:
    hackage: type-hint-0.1@sha256:c4847dab64cda36b0cffe8b7e1fc38a9c26c9aad36129c4e23d6e817ec93815c,973
    pantry-tree:
      size: 257
      sha256: 47270a743db215c9e6da541e9ed612c83ec648d02c8f57a803c1ae32c2d118dd
  original:
    hackage: type-hint-0.1
- completed:
    hackage: unordered-containers-0.2.16.0@sha256:859ec9a017e51194755cb8a445b767afc5ce0ac991cd50b0f96abd31b3687aab,5217
    pantry-tree:
      size: 1316
      sha256: e8d877c3c7545bc3d0e5b990466572a39b19f440bbf7a0e1bdde7521176cd12a
  original:
    hackage: unordered-containers-0.2.16.0
- completed:
    hackage: uuid-1.3.15@sha256:9444467f4104f5af6c0c29e5082f924750d1c4617a08461b0a4eaa490a1a28d2,2561
    pantry-tree:
      size: 739
      sha256: 6751a9238a77808920fde96fc50a87770f0c7127f706b74cedb70721cc5650be
  original:
    hackage: uuid-1.3.15
- completed:
    hackage: uuid-types-1.0.5@sha256:7ce4768b13546080c6c28a843b8d050927dda1a1732e7014db558518284cc39a,2591
    pantry-tree:
      size: 480
      sha256: 88536a05ad489620e48aac8d19f43ec0ec836808e62eab64e95cbd033473b0bd
  original:
    hackage: uuid-types-1.0.5
- completed:
    hackage: vector-0.12.3.1@sha256:040210919e5ce454dcee3320f77803da3dbda579c8428dc25ff0155732234808,7946
    pantry-tree:
      size: 3842
      sha256: 00cfcd768c02740343ecf67de4542f30a4ebbbd7200849a22271b35965837fef
  original:
    hackage: vector-0.12.3.1
- completed:
    hackage: witherable-0.4.2@sha256:81fd3b1e56e6d8c5b1acdbed06d49c72186902f7400139152afd70e37ad956d2,2285
    pantry-tree:
      size: 384
      sha256: 9249e2860d2d03f1d4b2204ee996eeeed836cfcfc426512742cc0e07f96fd407
  original:
    hackage: witherable-0.4.2
snapshots: []
